version: v2
locks:
  f/agentic/llamaindex_adapter: faa9e8d9190e8a41454489f17b627271a1c6bc8943fce754625039ffd91efc1f
  f/agentic/state: a55331e324e4151617dde4c17b9456b09ae2de82872a6aa5ae1c4b69e38b242e
  f/agentic/tools/llamaindex_tools: 0263c8426d4525b2477ce953559b5cd0687af35f99f3c1ebd81eb040f5422e2c
  f/familiar/analyzer/schema.flow+__flow_hash: ae109997af64eea7ad1adad48f94acf60117fdf08f7d1a3da79205f2b6b731d5
  f/familiar/analyzer/schema.flow+call_claude_for_analysis.inline_script.py: 0e1c0282f5cee0e357562bd9cdf01a0e142445d2a9799964bc9bcd9c0c5b2b5c
  f/onboarding/accept_invitation.flow+__flow_hash: 5e3386133ba3cc4898bdedb115df8e62bb288abb6b8f9a50f10ce2dde1fc80e3
  f/onboarding/accept_invitation.flow+add_user_as_family_member.inline_script.deno.ts: f7a294c6c499e73d69fd32ff85395c8ba69bb5f8c4437f195309a25dca2ecd70
  f/onboarding/accept_invitation.flow+assemble_final_output.inline_script.deno.ts: 76f6ee00fc8469308e20a3ca00a2ffdc05f86eba975a06916d1ed4706cfdf589
  f/onboarding/accept_invitation.flow+create_audit_log_entry.inline_script.deno.ts: e0a2d9cf7f895d6c5347336a110f67e8bed1f4838c3b9c13846b9929ad5500d2
  f/onboarding/accept_invitation.flow+create_personal_channel_for_new_member.inline_script.deno.ts: 550fcb28b717b4a91d4b42616d2bf6de0b99522b93c19947c3b5a77f6ee581c9
  f/onboarding/accept_invitation.flow+get_user_info_and_validate_invitation.inline_script.deno.ts: 845d14d4fe9e4c96175f83e731a9dde9bdabc07b72812dc83c1400d341159c47
  f/onboarding/accept_invitation.flow+increment_invitation_usage_count.inline_script.deno.ts: 9686330537c8228b0752db1f99492c7403c17909b1992bce6e6c3f35e7ea3763
  f/onboarding/create_family.flow+__flow_hash: 7ebf345ba9714d6f8d20db01647c8e2ce4e9cacadee6f21180cea0af29d0e984
  f/onboarding/create_family.flow+add_user_as_admin_member.inline_script.deno.ts: ddbf2ad239d9bd37aadaf8eaacd940c6b951a1b631e04d3e8978838251953962
  f/onboarding/create_family.flow+assemble_final_output.inline_script.deno.ts: c7613e0aab6aa1bd0403e7c1260b94fff34d671b0075028e3c2f3fdf1df710fd
  f/onboarding/create_family.flow+create_audit_log_entry.inline_script.deno.ts: f74c490f2b29e905e97b11f146809191a41c50acb401c5181b28d3d027e9f343
  f/onboarding/create_family.flow+create_family_chat_channel_(secondary).inline_script.deno.ts: 11763214296f0bec86cb1c6c33c171ae22c6d04976ad9ef704db3178e86407a0
  f/onboarding/create_family.flow+create_personal_channel_(primary).inline_script.deno.ts: 8e4b47422969aa43ea042ed218a08c92e31b859eecd83ed6e5027b1145e63830
  f/onboarding/create_family.flow+create_tenant_record.inline_script.deno.ts: c4889eb60458b5582ae30bd7088044e760b6e886f522681b4ae2c0896770abd7
  f/onboarding/create_family.flow+update_user's_primary_tenant.inline_script.deno.ts: de57012038159b087a3d04b6cedf15c93124f8f46138a05b1941cd4b55ec32e7
  f/onboarding/create_family.flow+validate_user_exists_and_needs_a_family.inline_script.deno.ts: 4808fafe19f920f46f1064c85343919b30f8162ef0b56dcc6bc8c25ad7f0c816
  f/onboarding/signup.flow+__flow_hash: 6e8305687a303f1a3e0bf8372b1252cf47f1074ca0191b04a3b3f1ffb2bc3e5a
  f/onboarding/signup.flow+assemble_final_output.inline_script.deno.ts: 608e3f9f2dbfaf0ac202b0781817ebb8e6acb363527ab2f6bc570432241978c9
  f/onboarding/signup.flow+check_if_email_already_exists.inline_script.deno.ts: 584eacc331a73f73056b0cb3ed3226cc869132a5735f1138517f23737c9a0f41
  f/onboarding/signup.flow+create_audit_log_entry.inline_script.deno.ts: 33793100ca0fb54a5febf4436f9a4c885980a249a336b1f80188bf8475bcbd23
  f/onboarding/signup.flow+create_auth_session.inline_script.deno.ts: fb82b93ed9ffe18417d6480c625df9f86f82c0c914939e97aa46e03030481f72
  f/onboarding/signup.flow+create_user_record.inline_script.deno.ts: 4c05feb06facb0f84b23ba46844679fd6fed40b775de58279decca0a99cabbac
  f/onboarding/signup.flow+hash_password_if_provided.inline_script.deno.ts: 86d7a2157beda856133306cd75314311d29d91907789e6a0059dc922f64ff971
  f/onboarding/signup.flow+process_invite_code_if_present.inline_script.deno.ts: c942082e731dd797e4d743f49ff7ee1bd2a04870738f0991abc582d15ae4ab48
  f/onboarding/signup.flow+record_gdpr_consent_records.inline_script.deno.ts: 03924674995ceab6ec2ea02013166f365d7ad0fc96d131523d70f645883f36a7
  f/onboarding/signup.flow+validate_signup_input.inline_script.deno.ts: b8804901cbf8a72bb7e4f512036df35d307a49d12afdcb4bc115fc5bb2a3e20e
  u/phaiel/schema_analyzer: c6074bbcfe0d1bc6540eaa043302c237f483de1471b9e24e80de959499f501b5
